{
  "name": "test",
  "version": "1.0.0",
  "lockfileVersion": 1,
  "requires": true,
  "dependencies": {
    "excalibur": {
      "version": "0.19.0",
      "resolved": "https://registry.npmjs.org/excalibur/-/excalibur-0.19.0.tgz",
      "integrity": "sha512-6tj2Jr/fimTnRLJwuvGjp+CR+S4gpqF/kPbSRHnOMl0XaUE1k8Shnymv60kDdt2XNs3qedXaNQOs0SIqgHEM/g=="
    }
  }
}
